
Microsoft Visual Studio Solution File, Format Version 12.00
# Visual Studio Version 16
VisualStudioVersion = 16.0.31702.278
MinimumVisualStudioVersion = 10.0.40219.1
Project("{FAE04EC0-301F-11D3-BF4B-00C04F79EFBC}") = "RoomProject", "RoomProject\RoomProject.csproj", "{8B53EEB2-970F-46F2-A4ED-2A26897ADC81}"
EndProject
Global
	GlobalSection(SolutionConfigurationPlatforms) = preSolution
		Debug|Any CPU = Debug|Any CPU
		Release|Any CPU = Release|Any CPU
	EndGlobalSection
	GlobalSection(ProjectConfigurationPlatforms) = postSolution
		{8B53EEB2-970F-46F2-A4ED-2A26897ADC81}.Debug|Any CPU.ActiveCfg = Debug|Any CPU
		{8B53EEB2-970F-46F2-A4ED-2A26897ADC81}.Debug|Any CPU.Build.0 = Debug|Any CPU
		{8B53EEB2-970F-46F2-A4ED-2A26897ADC81}.Release|Any CPU.ActiveCfg = Release|Any CPU
		{8B53EEB2-970F-46F2-A4ED-2A26897ADC81}.Release|Any CPU.Build.0 = Release|Any CPU
	EndGlobalSection
	GlobalSection(SolutionProperties) = preSolution
		HideSolutionNode = FALSE
	EndGlobalSection
	GlobalSection(ExtensibilityGlobals) = postSolution
		SolutionGuid = {466FE7C2-1830-4B24-8929-17C13FC816F3}
	EndGlobalSection
EndGlobal
